<Solution>
  <Folder Name="/samples/">
    <Project Path="samples/SharpInference.Sample.Chat/SharpInference.Sample.Chat.csproj" />
    <Project Path="samples/SharpInference.Sample.ToolCall/SharpInference.Sample.ToolCall.csproj" />
  </Folder>
  <Folder Name="/benchmarks/">
    <Project Path="benchmarks/SharpInference.Bench/SharpInference.Bench.csproj" />
    <Project Path="benchmarks/SharpInference.ImageBench/SharpInference.ImageBench.csproj" />
  </Folder>
  <Folder Name="/src/">
    <Project Path="src/SharpInference/SharpInference.csproj" />
    <Project Path="src/SharpInference.Cli/SharpInference.Cli.csproj" />
    <Project Path="src/SharpInference.Core/SharpInference.Core.csproj" />
    <Project Path="src/SharpInference.Cuda/SharpInference.Cuda.csproj" />
    <Project Path="src/SharpInference.Diffusion/SharpInference.Diffusion.csproj" />
    <Project Path="src/SharpInference.Cpu/SharpInference.Cpu.csproj" />
    <Project Path="src/SharpInference.Engine/SharpInference.Engine.csproj" />
    <Project Path="src/SharpInference.Pipeline/SharpInference.Pipeline.csproj" />
    <Project Path="src/SharpInference.Server/SharpInference.Server.csproj" />
    <Project Path="src/SharpInference.TurboQuant/SharpInference.TurboQuant.csproj" />
    <Project Path="src/SharpInference.Vulkan/SharpInference.Vulkan.csproj" />
  </Folder>
  <Folder Name="/tests/">
    <Project Path="tests/SharpInference.Tests.Core/SharpInference.Tests.Core.csproj" />
    <Project Path="tests/SharpInference.Tests.ForwardPass/SharpInference.Tests.ForwardPass.csproj" />
    <Project Path="tests/SharpInference.Tests.Pipeline/SharpInference.Tests.Pipeline.csproj" />
    <Project Path="tests/SharpInference.Tests.Server/SharpInference.Tests.Server.csproj" />
    <Project Path="tests/SharpInference.Tests.TurboQuant/SharpInference.Tests.TurboQuant.csproj" />
  </Folder>
</Solution>
